# This file is automatically @generated by Cargo.
# It is not intended for manual editing.
version = 3

[[package]]
name = "obj"
version = "0.10.2"
source = "registry+https://github.com/rust-lang/crates.io-index"
checksum = "059c95245738cdc7b40078cdd51a23200252a4c0a0a6dd005136152b3f467a4a"

[[package]]
name = "obj2desmos"
version = "0.1.0"
dependencies = [
 "obj",
]
